
Microsoft Visual Studio Solution File, Format Version 12.00
# Visual Studio Version 18
VisualStudioVersion = 18.2.11415.280 d18.0
MinimumVisualStudioVersion = 10.0.40219.1
Project("{FAE04EC0-301F-11D3-BF4B-00C04F79EFBC}") = "CivicAlert.API", "CivicAlert.API.csproj", "{0C9744D4-C711-B20D-B8E3-1A5C2933EF0C}"
EndProject
Global
	GlobalSection(SolutionConfigurationPlatforms) = preSolution
		Debug|Any CPU = Debug|Any CPU
		Release|Any CPU = Release|Any CPU
	EndGlobalSection
	GlobalSection(ProjectConfigurationPlatforms) = postSolution
		{0C9744D4-C711-B20D-B8E3-1A5C2933EF0C}.Debug|Any CPU.ActiveCfg = Debug|Any CPU
		{0C9744D4-C711-B20D-B8E3-1A5C2933EF0C}.Debug|Any CPU.Build.0 = Debug|Any CPU
		{0C9744D4-C711-B20D-B8E3-1A5C2933EF0C}.Release|Any CPU.ActiveCfg = Release|Any CPU
		{0C9744D4-C711-B20D-B8E3-1A5C2933EF0C}.Release|Any CPU.Build.0 = Release|Any CPU
	EndGlobalSection
	GlobalSection(SolutionProperties) = preSolution
		HideSolutionNode = FALSE
	EndGlobalSection
	GlobalSection(ExtensibilityGlobals) = postSolution
		SolutionGuid = {EDD16052-86F2-419C-9FD0-568635129819}
	EndGlobalSection
EndGlobal
